
Microsoft Visual Studio Solution File, Format Version 12.00
# Visual Studio Version 17
VisualStudioVersion = 17.3.32922.545
MinimumVisualStudioVersion = 10.0.40219.1
Project("{9A19103F-16F7-4668-BE54-9A1E7A4F7556}") = "WebApp", "WebApp\WebApp.csproj", "{73CC00DA-139F-4A6E-AB84-786973545D85}"
EndProject
Project("{9A19103F-16F7-4668-BE54-9A1E7A4F7556}") = "UseCases", "UseCases\UseCases.csproj", "{BB31B236-2E0F-49AA-94B4-8895A3121389}"
EndProject
Project("{9A19103F-16F7-4668-BE54-9A1E7A4F7556}") = "CoreBusiness", "CoreBusiness\CoreBusiness.csproj", "{DE3D6C4D-C5BD-49C8-A041-9AB173D7D7D9}"
EndProject
Project("{9A19103F-16F7-4668-BE54-9A1E7A4F7556}") = "Plugins.DataStore.InMemory", "Plugins.DataStore.InMemory\Plugins.DataStore.InMemory.csproj", "{02AF40B1-4FCB-4227-8865-4B927478A66A}"
EndProject
Project("{FAE04EC0-301F-11D3-BF4B-00C04F79EFBC}") = "Plugins.DataStore.SQL", "Plugins.DataStore\Plugins.DataStore.SQL.csproj", "{AA31D73F-2D4B-47F1-8759-6BC1275F981A}"
EndProject
Global
	GlobalSection(SolutionConfigurationPlatforms) = preSolution
		Debug|Any CPU = Debug|Any CPU
		Release|Any CPU = Release|Any CPU
	EndGlobalSection
	GlobalSection(ProjectConfigurationPlatforms) = postSolution
		{73CC00DA-139F-4A6E-AB84-786973545D85}.Debug|Any CPU.ActiveCfg = Debug|Any CPU
		{73CC00DA-139F-4A6E-AB84-786973545D85}.Debug|Any CPU.Build.0 = Debug|Any CPU
		{73CC00DA-139F-4A6E-AB84-786973545D85}.Release|Any CPU.ActiveCfg = Release|Any CPU
		{73CC00DA-139F-4A6E-AB84-786973545D85}.Release|Any CPU.Build.0 = Release|Any CPU
		{BB31B236-2E0F-49AA-94B4-8895A3121389}.Debug|Any CPU.ActiveCfg = Debug|Any CPU
		{BB31B236-2E0F-49AA-94B4-8895A3121389}.Debug|Any CPU.Build.0 = Debug|Any CPU
		{BB31B236-2E0F-49AA-94B4-8895A3121389}.Release|Any CPU.ActiveCfg = Release|Any CPU
		{BB31B236-2E0F-49AA-94B4-8895A3121389}.Release|Any CPU.Build.0 = Release|Any CPU
		{DE3D6C4D-C5BD-49C8-A041-9AB173D7D7D9}.Debug|Any CPU.ActiveCfg = Debug|Any CPU
		{DE3D6C4D-C5BD-49C8-A041-9AB173D7D7D9}.Debug|Any CPU.Build.0 = Debug|Any CPU
		{DE3D6C4D-C5BD-49C8-A041-9AB173D7D7D9}.Release|Any CPU.ActiveCfg = Release|Any CPU
		{DE3D6C4D-C5BD-49C8-A041-9AB173D7D7D9}.Release|Any CPU.Build.0 = Release|Any CPU
		{02AF40B1-4FCB-4227-8865-4B927478A66A}.Debug|Any CPU.ActiveCfg = Debug|Any CPU
		{02AF40B1-4FCB-4227-8865-4B927478A66A}.Debug|Any CPU.Build.0 = Debug|Any CPU
		{02AF40B1-4FCB-4227-8865-4B927478A66A}.Release|Any CPU.ActiveCfg = Release|Any CPU
		{02AF40B1-4FCB-4227-8865-4B927478A66A}.Release|Any CPU.Build.0 = Release|Any CPU
		{AA31D73F-2D4B-47F1-8759-6BC1275F981A}.Debug|Any CPU.ActiveCfg = Debug|Any CPU
		{AA31D73F-2D4B-47F1-8759-6BC1275F981A}.Debug|Any CPU.Build.0 = Debug|Any CPU
		{AA31D73F-2D4B-47F1-8759-6BC1275F981A}.Release|Any CPU.ActiveCfg = Release|Any CPU
		{AA31D73F-2D4B-47F1-8759-6BC1275F981A}.Release|Any CPU.Build.0 = Release|Any CPU
	EndGlobalSection
	GlobalSection(SolutionProperties) = preSolution
		HideSolutionNode = FALSE
	EndGlobalSection
	GlobalSection(ExtensibilityGlobals) = postSolution
		SolutionGuid = {358CB200-8180-45DF-A9B9-2001854D3DFF}
	EndGlobalSection
EndGlobal
